
Microsoft Visual Studio Solution File, Format Version 12.00
# Visual Studio Version 17
VisualStudioVersion = 17.5.33516.290
MinimumVisualStudioVersion = 10.0.40219.1
Project("{FAE04EC0-301F-11D3-BF4B-00C04F79EFBC}") = "UniversityBackend", "UniversityBackend.csproj", "{84A54163-8CF6-47BB-9F53-B4BBDA89AB1C}"
EndProject
Global
	GlobalSection(SolutionConfigurationPlatforms) = preSolution
		Debug|Any CPU = Debug|Any CPU
		Release|Any CPU = Release|Any CPU
	EndGlobalSection
	GlobalSection(ProjectConfigurationPlatforms) = postSolution
		{84A54163-8CF6-47BB-9F53-B4BBDA89AB1C}.Debug|Any CPU.ActiveCfg = Debug|Any CPU
		{84A54163-8CF6-47BB-9F53-B4BBDA89AB1C}.Debug|Any CPU.Build.0 = Debug|Any CPU
		{84A54163-8CF6-47BB-9F53-B4BBDA89AB1C}.Release|Any CPU.ActiveCfg = Release|Any CPU
		{84A54163-8CF6-47BB-9F53-B4BBDA89AB1C}.Release|Any CPU.Build.0 = Release|Any CPU
	EndGlobalSection
	GlobalSection(SolutionProperties) = preSolution
		HideSolutionNode = FALSE
	EndGlobalSection
	GlobalSection(ExtensibilityGlobals) = postSolution
		SolutionGuid = {73B7E171-69AE-4606-99B6-4F5A0490DC49}
	EndGlobalSection
EndGlobal
